// !$*UTF8*$!
{
	archiveVersion = 1;
	classes = {
	};
	objectVersion = 56;
	objects = {

/* Begin PBXBuildFile section */
		EE2A1D682FA9C7CD00F10518 /* LBGSystemiOSTestApp.swift in Sources */ = {isa = PBXBuildFile; fileRef = EE2A1D672FA9C7CD00F10518 /* LBGSystemiOSTestApp.swift */; };
		EE2A1D6A2FA9C7CD00F10518 /* ContentView.swift in Sources */ = {isa = PBXBuildFile; fileRef = EE2A1D692FA9C7CD00F10518 /* ContentView.swift */; };
		EE2A1D6C2FA9C7D000F10518 /* Assets.xcassets in Resources */ = {isa = PBXBuildFile; fileRef = EE2A1D6B2FA9C7D000F10518 /* Assets.xcassets */; };
		EE2A1D6F2FA9C7D000F10518 /* Preview Assets.xcassets in Resources */ = {isa = PBXBuildFile; fileRef = EE2A1D6E2FA9C7D000F10518 /* Preview Assets.xcassets */; };
		EE2A1D792FA9C7D000F10518 /* LBGSystemiOSTestTests.swift in Sources */ = {isa = PBXBuildFile; fileRef = EE2A1D782FA9C7D000F10518 /* LBGSystemiOSTestTests.swift */; };
		EE2A1D832FA9C7D000F10518 /* LBGSystemiOSTestUITests.swift in Sources */ = {isa = PBXBuildFile; fileRef = EE2A1D822FA9C7D000F10518 /* LBGSystemiOSTestUITests.swift */; };
		EE2A1D852FA9C7D000F10518 /* LBGSystemiOSTestUITestsLaunchTests.swift in Sources */ = {isa = PBXBuildFile; fileRef = EE2A1D842FA9C7D000F10518 /* LBGSystemiOSTestUITestsLaunchTests.swift */; };
		EE2A1D952FA9CF4200F10518 /* .swiftlint.yml in Resources */ = {isa = PBXBuildFile; fileRef = EE2A1D942FA9CF4200F10518 /* .swiftlint.yml */; };
		EE2A1D972FAAA77000F10518 /* Post.swift in Sources */ = {isa = PBXBuildFile; fileRef = EE2A1D962FAAA77000F10518 /* Post.swift */; };
		EE2A1D992FAAA78B00F10518 /* APIService.swift in Sources */ = {isa = PBXBuildFile; fileRef = EE2A1D982FAAA78B00F10518 /* APIService.swift */; };
		EE2A1D9B2FAAA7AD00F10518 /* PostRepositoryImpl.swift in Sources */ = {isa = PBXBuildFile; fileRef = EE2A1D9A2FAAA7AD00F10518 /* PostRepositoryImpl.swift */; };
		EE2A1D9D2FAAA7C600F10518 /* FetchPostsUseCaseImpl.swift in Sources */ = {isa = PBXBuildFile; fileRef = EE2A1D9C2FAAA7C600F10518 /* FetchPostsUseCaseImpl.swift */; };
		EE2A1D9F2FAAA7EB00F10518 /* NetworkMonitor.swift in Sources */ = {isa = PBXBuildFile; fileRef = EE2A1D9E2FAAA7EB00F10518 /* NetworkMonitor.swift */; };
		EE2A1DA12FAAA7FE00F10518 /* PostViewModel.swift in Sources */ = {isa = PBXBuildFile; fileRef = EE2A1DA02FAAA7FE00F10518 /* PostViewModel.swift */; };
		EE932FDA2FAAAD06003AAE83 /* MockNetwork.swift in Sources */ = {isa = PBXBuildFile; fileRef = EE932FD92FAAAD06003AAE83 /* MockNetwork.swift */; };
		EE932FDC2FAAAD1C003AAE83 /* PostViewModelTests.swift in Sources */ = {isa = PBXBuildFile; fileRef = EE932FDB2FAAAD1C003AAE83 /* PostViewModelTests.swift */; };
		EE932FDE2FAAAE03003AAE83 /* MockAPIService.swift in Sources */ = {isa = PBXBuildFile; fileRef = EE932FDD2FAAAE03003AAE83 /* MockAPIService.swift */; };
		EE932FE02FAAAEC8003AAE83 /* MockRepository.swift in Sources */ = {isa = PBXBuildFile; fileRef = EE932FDF2FAAAEC8003AAE83 /* MockRepository.swift */; };
		EE932FE22FAAC5D7003AAE83 /* JailbreakService.swift in Sources */ = {isa = PBXBuildFile; fileRef = EE932FE12FAAC5D7003AAE83 /* JailbreakService.swift */; };
/* End PBXBuildFile section */

/* Begin PBXContainerItemProxy section */
		EE2A1D752FA9C7D000F10518 /* PBXContainerItemProxy */ = {
			isa = PBXContainerItemProxy;
			containerPortal = EE2A1D5C2FA9C7CD00F10518 /* Project object */;
			proxyType = 1;
			remoteGlobalIDString = EE2A1D632FA9C7CD00F10518;
			remoteInfo = LBGSystemiOSTest;
		};
		EE2A1D7F2FA9C7D000F10518 /* PBXContainerItemProxy */ = {
			isa = PBXContainerItemProxy;
			containerPortal = EE2A1D5C2FA9C7CD00F10518 /* Project object */;
			proxyType = 1;
			remoteGlobalIDString = EE2A1D632FA9C7CD00F10518;
			remoteInfo = LBGSystemiOSTest;
		};
/* End PBXContainerItemProxy section */

/* Begin PBXFileReference section */
		EE2A1D642FA9C7CD00F10518 /* LBGSystemiOSTest.app */ = {isa = PBXFileReference; explicitFileType = wrapper.application; includeInIndex = 0; path = LBGSystemiOSTest.app; sourceTree = BUILT_PRODUCTS_DIR; };
		EE2A1D672FA9C7CD00F10518 /* LBGSystemiOSTestApp.swift */ = {isa = PBXFileReference; lastKnownFileType = sourcecode.swift; path = LBGSystemiOSTestApp.swift; sourceTree = "<group>"; };
		EE2A1D692FA9C7CD00F10518 /* ContentView.swift */ = {isa = PBXFileReference; lastKnownFileType = sourcecode.swift; path = ContentView.swift; sourceTree = "<group>"; };
		EE2A1D6B2FA9C7D000F10518 /* Assets.xcassets */ = {isa = PBXFileReference; lastKnownFileType = folder.assetcatalog; path = Assets.xcassets; sourceTree = "<group>"; };
		EE2A1D6E2FA9C7D000F10518 /* Preview Assets.xcassets */ = {isa = PBXFileReference; lastKnownFileType = folder.assetcatalog; path = "Preview Assets.xcassets"; sourceTree = "<group>"; };
		EE2A1D742FA9C7D000F10518 /* LBGSystemiOSTestTests.xctest */ = {isa = PBXFileReference; explicitFileType = wrapper.cfbundle; includeInIndex = 0; path = LBGSystemiOSTestTests.xctest; sourceTree = BUILT_PRODUCTS_DIR; };
		EE2A1D782FA9C7D000F10518 /* LBGSystemiOSTestTests.swift */ = {isa = PBXFileReference; lastKnownFileType = sourcecode.swift; path = LBGSystemiOSTestTests.swift; sourceTree = "<group>"; };
		EE2A1D7E2FA9C7D000F10518 /* LBGSystemiOSTestUITests.xctest */ = {isa = PBXFileReference; explicitFileType = wrapper.cfbundle; includeInIndex = 0; path = LBGSystemiOSTestUITests.xctest; sourceTree = BUILT_PRODUCTS_DIR; };
		EE2A1D822FA9C7D000F10518 /* LBGSystemiOSTestUITests.swift */ = {isa = PBXFileReference; lastKnownFileType = sourcecode.swift; path = LBGSystemiOSTestUITests.swift; sourceTree = "<group>"; };
		EE2A1D842FA9C7D000F10518 /* LBGSystemiOSTestUITestsLaunchTests.swift */ = {isa = PBXFileReference; lastKnownFileType = sourcecode.swift; path = LBGSystemiOSTestUITestsLaunchTests.swift; sourceTree = "<group>"; };
		EE2A1D942FA9CF4200F10518 /* .swiftlint.yml */ = {isa = PBXFileReference; lastKnownFileType = text.yaml; path = .swiftlint.yml; sourceTree = "<group>"; };
		EE2A1D962FAAA77000F10518 /* Post.swift */ = {isa = PBXFileReference; lastKnownFileType = sourcecode.swift; path = Post.swift; sourceTree = "<group>"; };
		EE2A1D982FAAA78B00F10518 /* APIService.swift */ = {isa = PBXFileReference; lastKnownFileType = sourcecode.swift; path = APIService.swift; sourceTree = "<group>"; };
		EE2A1D9A2FAAA7AD00F10518 /* PostRepositoryImpl.swift */ = {isa = PBXFileReference; lastKnownFileType = sourcecode.swift; path = PostRepositoryImpl.swift; sourceTree = "<group>"; };
		EE2A1D9C2FAAA7C600F10518 /* FetchPostsUseCaseImpl.swift */ = {isa = PBXFileReference; lastKnownFileType = sourcecode.swift; path = FetchPostsUseCaseImpl.swift; sourceTree = "<group>"; };
		EE2A1D9E2FAAA7EB00F10518 /* NetworkMonitor.swift */ = {isa = PBXFileReference; lastKnownFileType = sourcecode.swift; path = NetworkMonitor.swift; sourceTree = "<group>"; };
		EE2A1DA02FAAA7FE00F10518 /* PostViewModel.swift */ = {isa = PBXFileReference; lastKnownFileType = sourcecode.swift; path = PostViewModel.swift; sourceTree = "<group>"; };
		EE932FD92FAAAD06003AAE83 /* MockNetwork.swift */ = {isa = PBXFileReference; lastKnownFileType = sourcecode.swift; path = MockNetwork.swift; sourceTree = "<group>"; };
		EE932FDB2FAAAD1C003AAE83 /* PostViewModelTests.swift */ = {isa = PBXFileReference; lastKnownFileType = sourcecode.swift; path = PostViewModelTests.swift; sourceTree = "<group>"; };
		EE932FDD2FAAAE03003AAE83 /* MockAPIService.swift */ = {isa = PBXFileReference; lastKnownFileType = sourcecode.swift; path = MockAPIService.swift; sourceTree = "<group>"; };
		EE932FDF2FAAAEC8003AAE83 /* MockRepository.swift */ = {isa = PBXFileReference; lastKnownFileType = sourcecode.swift; path = MockRepository.swift; sourceTree = "<group>"; };
		EE932FE12FAAC5D7003AAE83 /* JailbreakService.swift */ = {isa = PBXFileReference; lastKnownFileType = sourcecode.swift; path = JailbreakService.swift; sourceTree = "<group>"; };
/* End PBXFileReference section */

/* Begin PBXFrameworksBuildPhase section */
		EE2A1D612FA9C7CD00F10518 /* Frameworks */ = {
			isa = PBXFrameworksBuildPhase;
			buildActionMask = 2147483647;
			files = (
			);
			runOnlyForDeploymentPostprocessing = 0;
		};
		EE2A1D712FA9C7D000F10518 /* Frameworks */ = {
			isa = PBXFrameworksBuildPhase;
			buildActionMask = 2147483647;
			files = (
			);
			runOnlyForDeploymentPostprocessing = 0;
		};
		EE2A1D7B2FA9C7D000F10518 /* Frameworks */ = {
			isa = PBXFrameworksBuildPhase;
			buildActionMask = 2147483647;
			files = (
			);
			runOnlyForDeploymentPostprocessing = 0;
		};
/* End PBXFrameworksBuildPhase section */

/* Begin PBXGroup section */
		EE2A1D5B2FA9C7CD00F10518 = {
			isa = PBXGroup;
			children = (
				EE2A1D942FA9CF4200F10518 /* .swiftlint.yml */,
				EE2A1D662FA9C7CD00F10518 /* LBGSystemiOSTest */,
				EE2A1D772FA9C7D000F10518 /* LBGSystemiOSTestTests */,
				EE2A1D812FA9C7D000F10518 /* LBGSystemiOSTestUITests */,
				EE2A1D652FA9C7CD00F10518 /* Products */,
			);
			sourceTree = "<group>";
		};
		EE2A1D652FA9C7CD00F10518 /* Products */ = {
			isa = PBXGroup;
			children = (
				EE2A1D642FA9C7CD00F10518 /* LBGSystemiOSTest.app */,
				EE2A1D742FA9C7D000F10518 /* LBGSystemiOSTestTests.xctest */,
				EE2A1D7E2FA9C7D000F10518 /* LBGSystemiOSTestUITests.xctest */,
			);
			name = Products;
			sourceTree = "<group>";
		};
		EE2A1D662FA9C7CD00F10518 /* LBGSystemiOSTest */ = {
			isa = PBXGroup;
			children = (
				EE2A1D672FA9C7CD00F10518 /* LBGSystemiOSTestApp.swift */,
				EE2A1D692FA9C7CD00F10518 /* ContentView.swift */,
				EE2A1D6B2FA9C7D000F10518 /* Assets.xcassets */,
				EE2A1D6D2FA9C7D000F10518 /* Preview Content */,
				EE2A1D962FAAA77000F10518 /* Post.swift */,
				EE2A1D982FAAA78B00F10518 /* APIService.swift */,
				EE2A1D9A2FAAA7AD00F10518 /* PostRepositoryImpl.swift */,
				EE2A1D9C2FAAA7C600F10518 /* FetchPostsUseCaseImpl.swift */,
				EE2A1D9E2FAAA7EB00F10518 /* NetworkMonitor.swift */,
				EE2A1DA02FAAA7FE00F10518 /* PostViewModel.swift */,
				EE932FE12FAAC5D7003AAE83 /* JailbreakService.swift */,
			);
			path = LBGSystemiOSTest;
			sourceTree = "<group>";
		};
		EE2A1D6D2FA9C7D000F10518 /* Preview Content */ = {
			isa = PBXGroup;
			children = (
				EE2A1D6E2FA9C7D000F10518 /* Preview Assets.xcassets */,
			);
			path = "Preview Content";
			sourceTree = "<group>";
		};
		EE2A1D772FA9C7D000F10518 /* LBGSystemiOSTestTests */ = {
			isa = PBXGroup;
			children = (
				EE2A1D782FA9C7D000F10518 /* LBGSystemiOSTestTests.swift */,
				EE932FD92FAAAD06003AAE83 /* MockNetwork.swift */,
				EE932FDB2FAAAD1C003AAE83 /* PostViewModelTests.swift */,
				EE932FDD2FAAAE03003AAE83 /* MockAPIService.swift */,
				EE932FDF2FAAAEC8003AAE83 /* MockRepository.swift */,
			);
			path = LBGSystemiOSTestTests;
			sourceTree = "<group>";
		};
		EE2A1D812FA9C7D000F10518 /* LBGSystemiOSTestUITests */ = {
			isa = PBXGroup;
			children = (
				EE2A1D822FA9C7D000F10518 /* LBGSystemiOSTestUITests.swift */,
				EE2A1D842FA9C7D000F10518 /* LBGSystemiOSTestUITestsLaunchTests.swift */,
			);
			path = LBGSystemiOSTestUITests;
			sourceTree = "<group>";
		};
/* End PBXGroup section */

/* Begin PBXNativeTarget section */
		EE2A1D632FA9C7CD00F10518 /* LBGSystemiOSTest */ = {
			isa = PBXNativeTarget;
			buildConfigurationList = EE2A1D882FA9C7D000F10518 /* Build configuration list for PBXNativeTarget "LBGSystemiOSTest" */;
			buildPhases = (
				EE2A1D602FA9C7CD00F10518 /* Sources */,
				EE2A1D612FA9C7CD00F10518 /* Frameworks */,
				EE2A1D622FA9C7CD00F10518 /* Resources */,
				EE2A1D912FA9CCA800F10518 /* ShellScript */,
			);
			buildRules = (
			);
			dependencies = (
			);
			name = LBGSystemiOSTest;
			productName = LBGSystemiOSTest;
			productReference = EE2A1D642FA9C7CD00F10518 /* LBGSystemiOSTest.app */;
			productType = "com.apple.product-type.application";
		};
		EE2A1D732FA9C7D000F10518 /* LBGSystemiOSTestTests */ = {
			isa = PBXNativeTarget;
			buildConfigurationList = EE2A1D8B2FA9C7D000F10518 /* Build configuration list for PBXNativeTarget "LBGSystemiOSTestTests" */;
			buildPhases = (
				EE2A1D702FA9C7D000F10518 /* Sources */,
				EE2A1D712FA9C7D000F10518 /* Frameworks */,
				EE2A1D722FA9C7D000F10518 /* Resources */,
			);
			buildRules = (
			);
			dependencies = (
				EE2A1D762FA9C7D000F10518 /* PBXTargetDependency */,
			);
			name = LBGSystemiOSTestTests;
			productName = LBGSystemiOSTestTests;
			productReference = EE2A1D742FA9C7D000F10518 /* LBGSystemiOSTestTests.xctest */;
			productType = "com.apple.product-type.bundle.unit-test";
		};
		EE2A1D7D2FA9C7D000F10518 /* LBGSystemiOSTestUITests */ = {
			isa = PBXNativeTarget;
			buildConfigurationList = EE2A1D8E2FA9C7D000F10518 /* Build configuration list for PBXNativeTarget "LBGSystemiOSTestUITests" */;
			buildPhases = (
				EE2A1D7A2FA9C7D000F10518 /* Sources */,
				EE2A1D7B2FA9C7D000F10518 /* Frameworks */,
				EE2A1D7C2FA9C7D000F10518 /* Resources */,
			);
			buildRules = (
			);
			dependencies = (
				EE2A1D802FA9C7D000F10518 /* PBXTargetDependency */,
			);
			name = LBGSystemiOSTestUITests;
			productName = LBGSystemiOSTestUITests;
			productReference = EE2A1D7E2FA9C7D000F10518 /* LBGSystemiOSTestUITests.xctest */;
			productType = "com.apple.product-type.bundle.ui-testing";
		};
/* End PBXNativeTarget section */

/* Begin PBXProject section */
		EE2A1D5C2FA9C7CD00F10518 /* Project object */ = {
			isa = PBXProject;
			attributes = {
				BuildIndependentTargetsInParallel = 1;
				LastSwiftUpdateCheck = 1510;
				LastUpgradeCheck = 1510;
				TargetAttributes = {
					EE2A1D632FA9C7CD00F10518 = {
						CreatedOnToolsVersion = 15.1;
					};
					EE2A1D732FA9C7D000F10518 = {
						CreatedOnToolsVersion = 15.1;
						TestTargetID = EE2A1D632FA9C7CD00F10518;
					};
					EE2A1D7D2FA9C7D000F10518 = {
						CreatedOnToolsVersion = 15.1;
						TestTargetID = EE2A1D632FA9C7CD00F10518;
					};
				};
			};
			buildConfigurationList = EE2A1D5F2FA9C7CD00F10518 /* Build configuration list for PBXProject "LBGSystemiOSTest" */;
			compatibilityVersion = "Xcode 14.0";
			developmentRegion = en;
			hasScannedForEncodings = 0;
			knownRegions = (
				en,
				Base,
			);
			mainGroup = EE2A1D5B2FA9C7CD00F10518;
			productRefGroup = EE2A1D652FA9C7CD00F10518 /* Products */;
			projectDirPath = "";
			projectRoot = "";
			targets = (
				EE2A1D632FA9C7CD00F10518 /* LBGSystemiOSTest */,
				EE2A1D732FA9C7D000F10518 /* LBGSystemiOSTestTests */,
				EE2A1D7D2FA9C7D000F10518 /* LBGSystemiOSTestUITests */,
			);
		};
/* End PBXProject section */

/* Begin PBXResourcesBuildPhase section */
		EE2A1D622FA9C7CD00F10518 /* Resources */ = {
			isa = PBXResourcesBuildPhase;
			buildActionMask = 2147483647;
			files = (
				EE2A1D952FA9CF4200F10518 /* .swiftlint.yml in Resources */,
				EE2A1D6F2FA9C7D000F10518 /* Preview Assets.xcassets in Resources */,
				EE2A1D6C2FA9C7D000F10518 /* Assets.xcassets in Resources */,
			);
			runOnlyForDeploymentPostprocessing = 0;
		};
		EE2A1D722FA9C7D000F10518 /* Resources */ = {
			isa = PBXResourcesBuildPhase;
			buildActionMask = 2147483647;
			files = (
			);
			runOnlyForDeploymentPostprocessing = 0;
		};
		EE2A1D7C2FA9C7D000F10518 /* Resources */ = {
			isa = PBXResourcesBuildPhase;
			buildActionMask = 2147483647;
			files = (
			);
			runOnlyForDeploymentPostprocessing = 0;
		};
/* End PBXResourcesBuildPhase section */

/* Begin PBXShellScriptBuildPhase section */
		EE2A1D912FA9CCA800F10518 /* ShellScript */ = {
			isa = PBXShellScriptBuildPhase;
			alwaysOutOfDate = 1;
			buildActionMask = 2147483647;
			files = (
			);
			inputFileListPaths = (
			);
			inputPaths = (
			);
			outputFileListPaths = (
			);
			outputPaths = (
			);
			runOnlyForDeploymentPostprocessing = 0;
			shellPath = /bin/sh;
			shellScript = "if which swiftlint >/dev/null; then\n  swiftlint\nelse\n  echo \"warning: SwiftLint not installed\"\nfi\n";
		};
/* End PBXShellScriptBuildPhase section */

/* Begin PBXSourcesBuildPhase section */
		EE2A1D602FA9C7CD00F10518 /* Sources */ = {
			isa = PBXSourcesBuildPhase;
			buildActionMask = 2147483647;
			files = (
				EE2A1DA12FAAA7FE00F10518 /* PostViewModel.swift in Sources */,
				EE2A1D972FAAA77000F10518 /* Post.swift in Sources */,
				EE2A1D6A2FA9C7CD00F10518 /* ContentView.swift in Sources */,
				EE2A1D992FAAA78B00F10518 /* APIService.swift in Sources */,
				EE2A1D682FA9C7CD00F10518 /* LBGSystemiOSTestApp.swift in Sources */,
				EE932FE22FAAC5D7003AAE83 /* JailbreakService.swift in Sources */,
				EE2A1D9D2FAAA7C600F10518 /* FetchPostsUseCaseImpl.swift in Sources */,
				EE2A1D9B2FAAA7AD00F10518 /* PostRepositoryImpl.swift in Sources */,
				EE2A1D9F2FAAA7EB00F10518 /* NetworkMonitor.swift in Sources */,
			);
			runOnlyForDeploymentPostprocessing = 0;
		};
		EE2A1D702FA9C7D000F10518 /* Sources */ = {
			isa = PBXSourcesBuildPhase;
			buildActionMask = 2147483647;
			files = (
				EE932FDE2FAAAE03003AAE83 /* MockAPIService.swift in Sources */,
				EE932FDC2FAAAD1C003AAE83 /* PostViewModelTests.swift in Sources */,
				EE932FE02FAAAEC8003AAE83 /* MockRepository.swift in Sources */,
				EE932FDA2FAAAD06003AAE83 /* MockNetwork.swift in Sources */,
				EE2A1D792FA9C7D000F10518 /* LBGSystemiOSTestTests.swift in Sources */,
			);
			runOnlyForDeploymentPostprocessing = 0;
		};
		EE2A1D7A2FA9C7D000F10518 /* Sources */ = {
			isa = PBXSourcesBuildPhase;
			buildActionMask = 2147483647;
			files = (
				EE2A1D832FA9C7D000F10518 /* LBGSystemiOSTestUITests.swift in Sources */,
				EE2A1D852FA9C7D000F10518 /* LBGSystemiOSTestUITestsLaunchTests.swift in Sources */,
			);
			runOnlyForDeploymentPostprocessing = 0;
		};
/* End PBXSourcesBuildPhase section */

/* Begin PBXTargetDependency section */
		EE2A1D762FA9C7D000F10518 /* PBXTargetDependency */ = {
			isa = PBXTargetDependency;
			target = EE2A1D632FA9C7CD00F10518 /* LBGSystemiOSTest */;
			targetProxy = EE2A1D752FA9C7D000F10518 /* PBXContainerItemProxy */;
		};
		EE2A1D802FA9C7D000F10518 /* PBXTargetDependency */ = {
			isa = PBXTargetDependency;
			target = EE2A1D632FA9C7CD00F10518 /* LBGSystemiOSTest */;
			targetProxy = EE2A1D7F2FA9C7D000F10518 /* PBXContainerItemProxy */;
		};
/* End PBXTargetDependency section */

/* Begin XCBuildConfiguration section */
		EE2A1D862FA9C7D000F10518 /* Debug */ = {
			isa = XCBuildConfiguration;
			buildSettings = {
				ALWAYS_SEARCH_USER_PATHS = NO;
				ASSETCATALOG_COMPILER_GENERATE_SWIFT_ASSET_SYMBOL_EXTENSIONS = YES;
				CLANG_ANALYZER_NONNULL = YES;
				CLANG_ANALYZER_NUMBER_OBJECT_CONVERSION = YES_AGGRESSIVE;
				CLANG_CXX_LANGUAGE_STANDARD = "gnu++20";
				CLANG_ENABLE_MODULES = YES;
				CLANG_ENABLE_OBJC_ARC = YES;
				CLANG_ENABLE_OBJC_WEAK = YES;
				CLANG_WARN_BLOCK_CAPTURE_AUTORELEASING = YES;
				CLANG_WARN_BOOL_CONVERSION = YES;
				CLANG_WARN_COMMA = YES;
				CLANG_WARN_CONSTANT_CONVERSION = YES;
				CLANG_WARN_DEPRECATED_OBJC_IMPLEMENTATIONS = YES;
				CLANG_WARN_DIRECT_OBJC_ISA_USAGE = YES_ERROR;
				CLANG_WARN_DOCUMENTATION_COMMENTS = YES;
				CLANG_WARN_EMPTY_BODY = YES;
				CLANG_WARN_ENUM_CONVERSION = YES;
				CLANG_WARN_INFINITE_RECURSION = YES;
				CLANG_WARN_INT_CONVERSION = YES;
				CLANG_WARN_NON_LITERAL_NULL_CONVERSION = YES;
				CLANG_WARN_OBJC_IMPLICIT_RETAIN_SELF = YES;
				CLANG_WARN_OBJC_LITERAL_CONVERSION = YES;
				CLANG_WARN_OBJC_ROOT_CLASS = YES_ERROR;
				CLANG_WARN_QUOTED_INCLUDE_IN_FRAMEWORK_HEADER = YES;
				CLANG_WARN_RANGE_LOOP_ANALYSIS = YES;
				CLANG_WARN_STRICT_PROTOTYPES = YES;
				CLANG_WARN_SUSPICIOUS_MOVE = YES;
				CLANG_WARN_UNGUARDED_AVAILABILITY = YES_AGGRESSIVE;
				CLANG_WARN_UNREACHABLE_CODE = YES;
				CLANG_WARN__DUPLICATE_METHOD_MATCH = YES;
				COPY_PHASE_STRIP = NO;
				DEBUG_INFORMATION_FORMAT = dwarf;
				ENABLE_STRICT_OBJC_MSGSEND = YES;
				ENABLE_TESTABILITY = YES;
				ENABLE_USER_SCRIPT_SANDBOXING = YES;
				GCC_C_LANGUAGE_STANDARD = gnu17;
				GCC_DYNAMIC_NO_PIC = NO;
				GCC_NO_COMMON_BLOCKS = YES;
				GCC_OPTIMIZATION_LEVEL = 0;
				GCC_PREPROCESSOR_DEFINITIONS = (
					"DEBUG=1",
					"$(inherited)",
				);
				GCC_WARN_64_TO_32_BIT_CONVERSION = YES;
				GCC_WARN_ABOUT_RETURN_TYPE = YES_ERROR;
				GCC_WARN_UNDECLARED_SELECTOR = YES;
				GCC_WARN_UNINITIALIZED_AUTOS = YES_AGGRESSIVE;
				GCC_WARN_UNUSED_FUNCTION = YES;
				GCC_WARN_UNUSED_VARIABLE = YES;
				IPHONEOS_DEPLOYMENT_TARGET = 17.2;
				LOCALIZATION_PREFERS_STRING_CATALOGS = YES;
				MTL_ENABLE_DEBUG_INFO = INCLUDE_SOURCE;
				MTL_FAST_MATH = YES;
				ONLY_ACTIVE_ARCH = YES;
				SDKROOT = iphoneos;
				SWIFT_ACTIVE_COMPILATION_CONDITIONS = "DEBUG $(inherited)";
				SWIFT_OPTIMIZATION_LEVEL = "-Onone";
			};
			name = Debug;
		};
		EE2A1D872FA9C7D000F10518 /* Release */ = {
			isa = XCBuildConfiguration;
			buildSettings = {
				ALWAYS_SEARCH_USER_PATHS = NO;
				ASSETCATALOG_COMPILER_GENERATE_SWIFT_ASSET_SYMBOL_EXTENSIONS = YES;
				CLANG_ANALYZER_NONNULL = YES;
				CLANG_ANALYZER_NUMBER_OBJECT_CONVERSION = YES_AGGRESSIVE;
				CLANG_CXX_LANGUAGE_STANDARD = "gnu++20";
				CLANG_ENABLE_MODULES = YES;
				CLANG_ENABLE_OBJC_ARC = YES;
				CLANG_ENABLE_OBJC_WEAK = YES;
				CLANG_WARN_BLOCK_CAPTURE_AUTORELEASING = YES;
				CLANG_WARN_BOOL_CONVERSION = YES;
				CLANG_WARN_COMMA = YES;
				CLANG_WARN_CONSTANT_CONVERSION = YES;
				CLANG_WARN_DEPRECATED_OBJC_IMPLEMENTATIONS = YES;
				CLANG_WARN_DIRECT_OBJC_ISA_USAGE = YES_ERROR;
				CLANG_WARN_DOCUMENTATION_COMMENTS = YES;
				CLANG_WARN_EMPTY_BODY = YES;
				CLANG_WARN_ENUM_CONVERSION = YES;
				CLANG_WARN_INFINITE_RECURSION = YES;
				CLANG_WARN_INT_CONVERSION = YES;
				CLANG_WARN_NON_LITERAL_NULL_CONVERSION = YES;
				CLANG_WARN_OBJC_IMPLICIT_RETAIN_SELF = YES;
				CLANG_WARN_OBJC_LITERAL_CONVERSION = YES;
				CLANG_WARN_OBJC_ROOT_CLASS = YES_ERROR;
				CLANG_WARN_QUOTED_INCLUDE_IN_FRAMEWORK_HEADER = YES;
				CLANG_WARN_RANGE_LOOP_ANALYSIS = YES;
				CLANG_WARN_STRICT_PROTOTYPES = YES;
				CLANG_WARN_SUSPICIOUS_MOVE = YES;
				CLANG_WARN_UNGUARDED_AVAILABILITY = YES_AGGRESSIVE;
				CLANG_WARN_UNREACHABLE_CODE = YES;
				CLANG_WARN__DUPLICATE_METHOD_MATCH = YES;
				COPY_PHASE_STRIP = NO;
				DEBUG_INFORMATION_FORMAT = "dwarf-with-dsym";
				ENABLE_NS_ASSERTIONS = NO;
				ENABLE_STRICT_OBJC_MSGSEND = YES;
				ENABLE_USER_SCRIPT_SANDBOXING = YES;
				GCC_C_LANGUAGE_STANDARD = gnu17;
				GCC_NO_COMMON_BLOCKS = YES;
				GCC_WARN_64_TO_32_BIT_CONVERSION = YES;
				GCC_WARN_ABOUT_RETURN_TYPE = YES_ERROR;
				GCC_WARN_UNDECLARED_SELECTOR = YES;
				GCC_WARN_UNINITIALIZED_AUTOS = YES_AGGRESSIVE;
				GCC_WARN_UNUSED_FUNCTION = YES;
				GCC_WARN_UNUSED_VARIABLE = YES;
				IPHONEOS_DEPLOYMENT_TARGET = 17.2;
				LOCALIZATION_PREFERS_STRING_CATALOGS = YES;
				MTL_ENABLE_DEBUG_INFO = NO;
				MTL_FAST_MATH = YES;
				SDKROOT = iphoneos;
				SWIFT_COMPILATION_MODE = wholemodule;
				VALIDATE_PRODUCT = YES;
			};
			name = Release;
		};
		EE2A1D892FA9C7D000F10518 /* Debug */ = {
			isa = XCBuildConfiguration;
			buildSettings = {
				ASSETCATALOG_COMPILER_APPICON_NAME = AppIcon;
				ASSETCATALOG_COMPILER_GLOBAL_ACCENT_COLOR_NAME = AccentColor;
				CODE_SIGN_STYLE = Automatic;
				CURRENT_PROJECT_VERSION = 1;
				DEVELOPMENT_ASSET_PATHS = "\"LBGSystemiOSTest/Preview Content\"";
				ENABLE_PREVIEWS = YES;
				GENERATE_INFOPLIST_FILE = YES;
				INFOPLIST_KEY_UIApplicationSceneManifest_Generation = YES;
				INFOPLIST_KEY_UIApplicationSupportsIndirectInputEvents = YES;
				INFOPLIST_KEY_UILaunchScreen_Generation = YES;
				INFOPLIST_KEY_UISupportedInterfaceOrientations_iPad = "UIInterfaceOrientationPortrait UIInterfaceOrientationPortraitUpsideDown UIInterfaceOrientationLandscapeLeft UIInterfaceOrientationLandscapeRight";
				INFOPLIST_KEY_UISupportedInterfaceOrientations_iPhone = "UIInterfaceOrientationPortrait UIInterfaceOrientationLandscapeLeft UIInterfaceOrientationLandscapeRight";
				LD_RUNPATH_SEARCH_PATHS = (
					"$(inherited)",
					"@executable_path/Frameworks",
				);
				MARKETING_VERSION = 1.0;
				PRODUCT_BUNDLE_IDENTIFIER = com.LBGSystemiOSTest;
				PRODUCT_NAME = "$(TARGET_NAME)";
				SWIFT_EMIT_LOC_STRINGS = YES;
				SWIFT_VERSION = 5.0;
				TARGETED_DEVICE_FAMILY = "1,2";
			};
			name = Debug;
		};
		EE2A1D8A2FA9C7D000F10518 /* Release */ = {
			isa = XCBuildConfiguration;
			buildSettings = {
				ASSETCATALOG_COMPILER_APPICON_NAME = AppIcon;
				ASSETCATALOG_COMPILER_GLOBAL_ACCENT_COLOR_NAME = AccentColor;
				CODE_SIGN_STYLE = Automatic;
				CURRENT_PROJECT_VERSION = 1;
				DEVELOPMENT_ASSET_PATHS = "\"LBGSystemiOSTest/Preview Content\"";
				ENABLE_PREVIEWS = YES;
				GENERATE_INFOPLIST_FILE = YES;
				INFOPLIST_KEY_UIApplicationSceneManifest_Generation = YES;
				INFOPLIST_KEY_UIApplicationSupportsIndirectInputEvents = YES;
				INFOPLIST_KEY_UILaunchScreen_Generation = YES;
				INFOPLIST_KEY_UISupportedInterfaceOrientations_iPad = "UIInterfaceOrientationPortrait UIInterfaceOrientationPortraitUpsideDown UIInterfaceOrientationLandscapeLeft UIInterfaceOrientationLandscapeRight";
				INFOPLIST_KEY_UISupportedInterfaceOrientations_iPhone = "UIInterfaceOrientationPortrait UIInterfaceOrientationLandscapeLeft UIInterfaceOrientationLandscapeRight";
				LD_RUNPATH_SEARCH_PATHS = (
					"$(inherited)",
					"@executable_path/Frameworks",
				);
				MARKETING_VERSION = 1.0;
				PRODUCT_BUNDLE_IDENTIFIER = com.LBGSystemiOSTest;
				PRODUCT_NAME = "$(TARGET_NAME)";
				SWIFT_EMIT_LOC_STRINGS = YES;
				SWIFT_VERSION = 5.0;
				TARGETED_DEVICE_FAMILY = "1,2";
			};
			name = Release;
		};
		EE2A1D8C2FA9C7D000F10518 /* Debug */ = {
			isa = XCBuildConfiguration;
			buildSettings = {
				ALWAYS_EMBED_SWIFT_STANDARD_LIBRARIES = YES;
				BUNDLE_LOADER = "$(TEST_HOST)";
				CODE_SIGN_STYLE = Automatic;
				CURRENT_PROJECT_VERSION = 1;
				GENERATE_INFOPLIST_FILE = YES;
				IPHONEOS_DEPLOYMENT_TARGET = 17.2;
				MARKETING_VERSION = 1.0;
				PRODUCT_BUNDLE_IDENTIFIER = com.LBGSystemiOSTestTests;
				PRODUCT_NAME = "$(TARGET_NAME)";
				SWIFT_EMIT_LOC_STRINGS = NO;
				SWIFT_VERSION = 5.0;
				TARGETED_DEVICE_FAMILY = "1,2";
				TEST_HOST = "$(BUILT_PRODUCTS_DIR)/LBGSystemiOSTest.app/$(BUNDLE_EXECUTABLE_FOLDER_PATH)/LBGSystemiOSTest";
			};
			name = Debug;
		};
		EE2A1D8D2FA9C7D000F10518 /* Release */ = {
			isa = XCBuildConfiguration;
			buildSettings = {
				ALWAYS_EMBED_SWIFT_STANDARD_LIBRARIES = YES;
				BUNDLE_LOADER = "$(TEST_HOST)";
				CODE_SIGN_STYLE = Automatic;
				CURRENT_PROJECT_VERSION = 1;
				GENERATE_INFOPLIST_FILE = YES;
				IPHONEOS_DEPLOYMENT_TARGET = 17.2;
				MARKETING_VERSION = 1.0;
				PRODUCT_BUNDLE_IDENTIFIER = com.LBGSystemiOSTestTests;
				PRODUCT_NAME = "$(TARGET_NAME)";
				SWIFT_EMIT_LOC_STRINGS = NO;
				SWIFT_VERSION = 5.0;
				TARGETED_DEVICE_FAMILY = "1,2";
				TEST_HOST = "$(BUILT_PRODUCTS_DIR)/LBGSystemiOSTest.app/$(BUNDLE_EXECUTABLE_FOLDER_PATH)/LBGSystemiOSTest";
			};
			name = Release;
		};
		EE2A1D8F2FA9C7D000F10518 /* Debug */ = {
			isa = XCBuildConfiguration;
			buildSettings = {
				ALWAYS_EMBED_SWIFT_STANDARD_LIBRARIES = YES;
				CODE_SIGN_STYLE = Automatic;
				CURRENT_PROJECT_VERSION = 1;
				GENERATE_INFOPLIST_FILE = YES;
				MARKETING_VERSION = 1.0;
				PRODUCT_BUNDLE_IDENTIFIER = com.LBGSystemiOSTestUITests;
				PRODUCT_NAME = "$(TARGET_NAME)";
				SWIFT_EMIT_LOC_STRINGS = NO;
				SWIFT_VERSION = 5.0;
				TARGETED_DEVICE_FAMILY = "1,2";
				TEST_TARGET_NAME = LBGSystemiOSTest;
			};
			name = Debug;
		};
		EE2A1D902FA9C7D000F10518 /* Release */ = {
			isa = XCBuildConfiguration;
			buildSettings = {
				ALWAYS_EMBED_SWIFT_STANDARD_LIBRARIES = YES;
				CODE_SIGN_STYLE = Automatic;
				CURRENT_PROJECT_VERSION = 1;
				GENERATE_INFOPLIST_FILE = YES;
				MARKETING_VERSION = 1.0;
				PRODUCT_BUNDLE_IDENTIFIER = com.LBGSystemiOSTestUITests;
				PRODUCT_NAME = "$(TARGET_NAME)";
				SWIFT_EMIT_LOC_STRINGS = NO;
				SWIFT_VERSION = 5.0;
				TARGETED_DEVICE_FAMILY = "1,2";
				TEST_TARGET_NAME = LBGSystemiOSTest;
			};
			name = Release;
		};
/* End XCBuildConfiguration section */

/* Begin XCConfigurationList section */
		EE2A1D5F2FA9C7CD00F10518 /* Build configuration list for PBXProject "LBGSystemiOSTest" */ = {
			isa = XCConfigurationList;
			buildConfigurations = (
				EE2A1D862FA9C7D000F10518 /* Debug */,
				EE2A1D872FA9C7D000F10518 /* Release */,
			);
			defaultConfigurationIsVisible = 0;
			defaultConfigurationName = Release;
		};
		EE2A1D882FA9C7D000F10518 /* Build configuration list for PBXNativeTarget "LBGSystemiOSTest" */ = {
			isa = XCConfigurationList;
			buildConfigurations = (
				EE2A1D892FA9C7D000F10518 /* Debug */,
				EE2A1D8A2FA9C7D000F10518 /* Release */,
			);
			defaultConfigurationIsVisible = 0;
			defaultConfigurationName = Release;
		};
		EE2A1D8B2FA9C7D000F10518 /* Build configuration list for PBXNativeTarget "LBGSystemiOSTestTests" */ = {
			isa = XCConfigurationList;
			buildConfigurations = (
				EE2A1D8C2FA9C7D000F10518 /* Debug */,
				EE2A1D8D2FA9C7D000F10518 /* Release */,
			);
			defaultConfigurationIsVisible = 0;
			defaultConfigurationName = Release;
		};
		EE2A1D8E2FA9C7D000F10518 /* Build configuration list for PBXNativeTarget "LBGSystemiOSTestUITests" */ = {
			isa = XCConfigurationList;
			buildConfigurations = (
				EE2A1D8F2FA9C7D000F10518 /* Debug */,
				EE2A1D902FA9C7D000F10518 /* Release */,
			);
			defaultConfigurationIsVisible = 0;
			defaultConfigurationName = Release;
		};
/* End XCConfigurationList section */
	};
	rootObject = EE2A1D5C2FA9C7CD00F10518 /* Project object */;
}
